{
  "originHash" : "fe30c7cd42ba694eb1f0e3be1845d3c761923f8e2ac080eef176e0eab18203c4",
  "pins" : [
    {
      "identity" : "alamofire",
      "kind" : "remoteSourceControl",
      "location" : "https://github.com/Alamofire/Alamofire.git",
      "state" : {
        "revision" : "513364f870f6bfc468f9d2ff0a95caccc10044c5",
        "version" : "5.10.2"
      }
    },
    {
      "identity" : "grdb.swift",
      "kind" : "remoteSourceControl",
      "location" : "https://github.com/groue/GRDB.swift",
      "state" : {
        "branch" : "master",
        "revision" : "a5a1be26b4513dc7ec360eb56bc08a345bac6649"
      }
    }
  ],
  "version" : 3
}
